// !$*UTF8*$!
{
	archiveVersion = 1;
	classes = {
	};
	objectVersion = 77;
	objects = {

/* Begin PBXBuildFile section */
		F2D3B5E72D531EF1004938AB /* README.md in Resources */ = {isa = PBXBuildFile; fileRef = F2D3B5E62D531EF1004938AB /* README.md */; };
/* End PBXBuildFile section */

/* Begin PBXContainerItemProxy section */
		F28D6BCB2D51512400BC9FEF /* PBXContainerItemProxy */ = {
			isa = PBXContainerItemProxy;
			containerPortal = F28D6BB22D51512100BC9FEF /* Project object */;
			proxyType = 1;
			remoteGlobalIDString = F28D6BB92D51512100BC9FEF;
			remoteInfo = RecipeVault;
		};
		F28D6BD52D51512400BC9FEF /* PBXContainerItemProxy */ = {
			isa = PBXContainerItemProxy;
			containerPortal = F28D6BB22D51512100BC9FEF /* Project object */;
			proxyType = 1;
			remoteGlobalIDString = F28D6BB92D51512100BC9FEF;
			remoteInfo = RecipeVault;
		};
/* End PBXContainerItemProxy section */

/* Begin PBXFileReference section */
		F28D6BBA2D51512100BC9FEF /* RecipeVault.app */ = {isa = PBXFileReference; explicitFileType = wrapper.application; includeInIndex = 0; path = RecipeVault.app; sourceTree = BUILT_PRODUCTS_DIR; };
		F28D6BCA2D51512400BC9FEF /* RecipeVaultTests.xctest */ = {isa = PBXFileReference; explicitFileType = wrapper.cfbundle; includeInIndex = 0; path = RecipeVaultTests.xctest; sourceTree = BUILT_PRODUCTS_DIR; };
		F28D6BD42D51512400BC9FEF /* RecipeVaultUITests.xctest */ = {isa = PBXFileReference; explicitFileType = wrapper.cfbundle; includeInIndex = 0; path = RecipeVaultUITests.xctest; sourceTree = BUILT_PRODUCTS_DIR; };
		F2D3B5E62D531EF1004938AB /* README.md */ = {isa = PBXFileReference; lastKnownFileType = net.daringfireball.markdown; path = README.md; sourceTree = "<group>"; };
/* End PBXFileReference section */

/* Begin PBXFileSystemSynchronizedRootGroup section */
		F28D6BBC2D51512100BC9FEF /* RecipeVault */ = {
			isa = PBXFileSystemSynchronizedRootGroup;
			path = RecipeVault;
			sourceTree = "<group>";
		};
		F28D6BCD2D51512400BC9FEF /* RecipeVaultTests */ = {
			isa = PBXFileSystemSynchronizedRootGroup;
			path = RecipeVaultTests;
			sourceTree = "<group>";
		};
		F28D6BD72D51512400BC9FEF /* RecipeVaultUITests */ = {
			isa = PBXFileSystemSynchronizedRootGroup;
			path = RecipeVaultUITests;
			sourceTree = "<group>";
		};
/* End PBXFileSystemSynchronizedRootGroup section */

/* Begin PBXFrameworksBuildPhase section */
		F28D6BB72D51512100BC9FEF /* Frameworks */ = {
			isa = PBXFrameworksBuildPhase;
			buildActionMask = 2147483647;
			files = (
			);
			runOnlyForDeploymentPostprocessing = 0;
		};
		F28D6BC72D51512400BC9FEF /* Frameworks */ = {
			isa = PBXFrameworksBuildPhase;
			buildActionMask = 2147483647;
			files = (
			);
			runOnlyForDeploymentPostprocessing = 0;
		};
		F28D6BD12D51512400BC9FEF /* Frameworks */ = {
			isa = PBXFrameworksBuildPhase;
			buildActionMask = 2147483647;
			files = (
			);
			runOnlyForDeploymentPostprocessing = 0;
		};
/* End PBXFrameworksBuildPhase section */

/* Begin PBXGroup section */
		F28D6BB12D51512100BC9FEF = {
			isa = PBXGroup;
			children = (
				F2D3B5E62D531EF1004938AB /* README.md */,
				F28D6BBC2D51512100BC9FEF /* RecipeVault */,
				F28D6BCD2D51512400BC9FEF /* RecipeVaultTests */,
				F28D6BD72D51512400BC9FEF /* RecipeVaultUITests */,
				F28D6BBB2D51512100BC9FEF /* Products */,
			);
			sourceTree = "<group>";
		};
		F28D6BBB2D51512100BC9FEF /* Products */ = {
			isa = PBXGroup;
			children = (
				F28D6BBA2D51512100BC9FEF /* RecipeVault.app */,
				F28D6BCA2D51512400BC9FEF /* RecipeVaultTests.xctest */,
				F28D6BD42D51512400BC9FEF /* RecipeVaultUITests.xctest */,
			);
			name = Products;
			sourceTree = "<group>";
		};
/* End PBXGroup section */

/* Begin PBXNativeTarget section */
		F28D6BB92D51512100BC9FEF /* RecipeVault */ = {
			isa = PBXNativeTarget;
			buildConfigurationList = F28D6BDE2D51512400BC9FEF /* Build configuration list for PBXNativeTarget "RecipeVault" */;
			buildPhases = (
				F28D6BB62D51512100BC9FEF /* Sources */,
				F28D6BB72D51512100BC9FEF /* Frameworks */,
				F28D6BB82D51512100BC9FEF /* Resources */,
			);
			buildRules = (
			);
			dependencies = (
			);
			fileSystemSynchronizedGroups = (
				F28D6BBC2D51512100BC9FEF /* RecipeVault */,
			);
			name = RecipeVault;
			packageProductDependencies = (
			);
			productName = RecipeVault;
			productReference = F28D6BBA2D51512100BC9FEF /* RecipeVault.app */;
			productType = "com.apple.product-type.application";
		};
		F28D6BC92D51512400BC9FEF /* RecipeVaultTests */ = {
			isa = PBXNativeTarget;
			buildConfigurationList = F28D6BE12D51512400BC9FEF /* Build configuration list for PBXNativeTarget "RecipeVaultTests" */;
			buildPhases = (
				F28D6BC62D51512400BC9FEF /* Sources */,
				F28D6BC72D51512400BC9FEF /* Frameworks */,
				F28D6BC82D51512400BC9FEF /* Resources */,
			);
			buildRules = (
			);
			dependencies = (
				F28D6BCC2D51512400BC9FEF /* PBXTargetDependency */,
			);
			fileSystemSynchronizedGroups = (
				F28D6BCD2D51512400BC9FEF /* RecipeVaultTests */,
			);
			name = RecipeVaultTests;
			packageProductDependencies = (
			);
			productName = RecipeVaultTests;
			productReference = F28D6BCA2D51512400BC9FEF /* RecipeVaultTests.xctest */;
			productType = "com.apple.product-type.bundle.unit-test";
		};
		F28D6BD32D51512400BC9FEF /* RecipeVaultUITests */ = {
			isa = PBXNativeTarget;
			buildConfigurationList = F28D6BE42D51512400BC9FEF /* Build configuration list for PBXNativeTarget "RecipeVaultUITests" */;
			buildPhases = (
				F28D6BD02D51512400BC9FEF /* Sources */,
				F28D6BD12D51512400BC9FEF /* Frameworks */,
				F28D6BD22D51512400BC9FEF /* Resources */,
			);
			buildRules = (
			);
			dependencies = (
				F28D6BD62D51512400BC9FEF /* PBXTargetDependency */,
			);
			fileSystemSynchronizedGroups = (
				F28D6BD72D51512400BC9FEF /* RecipeVaultUITests */,
			);
			name = RecipeVaultUITests;
			packageProductDependencies = (
			);
			productName = RecipeVaultUITests;
			productReference = F28D6BD42D51512400BC9FEF /* RecipeVaultUITests.xctest */;
			productType = "com.apple.product-type.bundle.ui-testing";
		};
/* End PBXNativeTarget section */

/* Begin PBXProject section */
		F28D6BB22D51512100BC9FEF /* Project object */ = {
			isa = PBXProject;
			attributes = {
				BuildIndependentTargetsInParallel = 1;
				LastSwiftUpdateCheck = 1620;
				LastUpgradeCheck = 1620;
				TargetAttributes = {
					F28D6BB92D51512100BC9FEF = {
						CreatedOnToolsVersion = 16.2;
					};
					F28D6BC92D51512400BC9FEF = {
						CreatedOnToolsVersion = 16.2;
						TestTargetID = F28D6BB92D51512100BC9FEF;
					};
					F28D6BD32D51512400BC9FEF = {
						CreatedOnToolsVersion = 16.2;
						TestTargetID = F28D6BB92D51512100BC9FEF;
					};
				};
			};
			buildConfigurationList = F28D6BB52D51512100BC9FEF /* Build configuration list for PBXProject "RecipeVault" */;
			developmentRegion = en;
			hasScannedForEncodings = 0;
			knownRegions = (
				en,
				Base,
			);
			mainGroup = F28D6BB12D51512100BC9FEF;
			minimizedProjectReferenceProxies = 1;
			preferredProjectObjectVersion = 77;
			productRefGroup = F28D6BBB2D51512100BC9FEF /* Products */;
			projectDirPath = "";
			projectRoot = "";
			targets = (
				F28D6BB92D51512100BC9FEF /* RecipeVault */,
				F28D6BC92D51512400BC9FEF /* RecipeVaultTests */,
				F28D6BD32D51512400BC9FEF /* RecipeVaultUITests */,
			);
		};
/* End PBXProject section */

/* Begin PBXResourcesBuildPhase section */
		F28D6BB82D51512100BC9FEF /* Resources */ = {
			isa = PBXResourcesBuildPhase;
			buildActionMask = 2147483647;
			files = (
				F2D3B5E72D531EF1004938AB /* README.md in Resources */,
			);
			runOnlyForDeploymentPostprocessing = 0;
		};
		F28D6BC82D51512400BC9FEF /* Resources */ = {
			isa = PBXResourcesBuildPhase;
			buildActionMask = 2147483647;
			files = (
			);
			runOnlyForDeploymentPostprocessing = 0;
		};
		F28D6BD22D51512400BC9FEF /* Resources */ = {
			isa = PBXResourcesBuildPhase;
			buildActionMask = 2147483647;
			files = (
			);
			runOnlyForDeploymentPostprocessing = 0;
		};
/* End PBXResourcesBuildPhase section */

/* Begin PBXSourcesBuildPhase section */
		F28D6BB62D51512100BC9FEF /* Sources */ = {
			isa = PBXSourcesBuildPhase;
			buildActionMask = 2147483647;
			files = (
			);
			runOnlyForDeploymentPostprocessing = 0;
		};
		F28D6BC62D51512400BC9FEF /* Sources */ = {
			isa = PBXSourcesBuildPhase;
			buildActionMask = 2147483647;
			files = (
			);
			runOnlyForDeploymentPostprocessing = 0;
		};
		F28D6BD02D51512400BC9FEF /* Sources */ = {
			isa = PBXSourcesBuildPhase;
			buildActionMask = 2147483647;
			files = (
			);
			runOnlyForDeploymentPostprocessing = 0;
		};
/* End PBXSourcesBuildPhase section */

/* Begin PBXTargetDependency section */
		F28D6BCC2D51512400BC9FEF /* PBXTargetDependency */ = {
			isa = PBXTargetDependency;
			target = F28D6BB92D51512100BC9FEF /* RecipeVault */;
			targetProxy = F28D6BCB2D51512400BC9FEF /* PBXContainerItemProxy */;
		};
		F28D6BD62D51512400BC9FEF /* PBXTargetDependency */ = {
			isa = PBXTargetDependency;
			target = F28D6BB92D51512100BC9FEF /* RecipeVault */;
			targetProxy = F28D6BD52D51512400BC9FEF /* PBXContainerItemProxy */;
		};
/* End PBXTargetDependency section */

/* Begin XCBuildConfiguration section */
		F28D6BDC2D51512400BC9FEF /* Debug */ = {
			isa = XCBuildConfiguration;
			buildSettings = {
				ALWAYS_SEARCH_USER_PATHS = NO;
				ASSETCATALOG_COMPILER_GENERATE_SWIFT_ASSET_SYMBOL_EXTENSIONS = YES;
				CLANG_ANALYZER_NONNULL = YES;
				CLANG_ANALYZER_NUMBER_OBJECT_CONVERSION = YES_AGGRESSIVE;
				CLANG_CXX_LANGUAGE_STANDARD = "gnu++20";
				CLANG_ENABLE_MODULES = YES;
				CLANG_ENABLE_OBJC_ARC = YES;
				CLANG_ENABLE_OBJC_WEAK = YES;
				CLANG_WARN_BLOCK_CAPTURE_AUTORELEASING = YES;
				CLANG_WARN_BOOL_CONVERSION = YES;
				CLANG_WARN_COMMA = YES;
				CLANG_WARN_CONSTANT_CONVERSION = YES;
				CLANG_WARN_DEPRECATED_OBJC_IMPLEMENTATIONS = YES;
				CLANG_WARN_DIRECT_OBJC_ISA_USAGE = YES_ERROR;
				CLANG_WARN_DOCUMENTATION_COMMENTS = YES;
				CLANG_WARN_EMPTY_BODY = YES;
				CLANG_WARN_ENUM_CONVERSION = YES;
				CLANG_WARN_INFINITE_RECURSION = YES;
				CLANG_WARN_INT_CONVERSION = YES;
				CLANG_WARN_NON_LITERAL_NULL_CONVERSION = YES;
				CLANG_WARN_OBJC_IMPLICIT_RETAIN_SELF = YES;
				CLANG_WARN_OBJC_LITERAL_CONVERSION = YES;
				CLANG_WARN_OBJC_ROOT_CLASS = YES_ERROR;
				CLANG_WARN_QUOTED_INCLUDE_IN_FRAMEWORK_HEADER = YES;
				CLANG_WARN_RANGE_LOOP_ANALYSIS = YES;
				CLANG_WARN_STRICT_PROTOTYPES = YES;
				CLANG_WARN_SUSPICIOUS_MOVE = YES;
				CLANG_WARN_UNGUARDED_AVAILABILITY = YES_AGGRESSIVE;
				CLANG_WARN_UNREACHABLE_CODE = YES;
				CLANG_WARN__DUPLICATE_METHOD_MATCH = YES;
				COPY_PHASE_STRIP = NO;
				DEBUG_INFORMATION_FORMAT = dwarf;
				ENABLE_STRICT_OBJC_MSGSEND = YES;
				ENABLE_TESTABILITY = YES;
				ENABLE_USER_SCRIPT_SANDBOXING = YES;
				GCC_C_LANGUAGE_STANDARD = gnu17;
				GCC_DYNAMIC_NO_PIC = NO;
				GCC_NO_COMMON_BLOCKS = YES;
				GCC_OPTIMIZATION_LEVEL = 0;
				GCC_PREPROCESSOR_DEFINITIONS = (
					"DEBUG=1",
					"$(inherited)",
				);
				GCC_WARN_64_TO_32_BIT_CONVERSION = YES;
				GCC_WARN_ABOUT_RETURN_TYPE = YES_ERROR;
				GCC_WARN_UNDECLARED_SELECTOR = YES;
				GCC_WARN_UNINITIALIZED_AUTOS = YES_AGGRESSIVE;
				GCC_WARN_UNUSED_FUNCTION = YES;
				GCC_WARN_UNUSED_VARIABLE = YES;
				IPHONEOS_DEPLOYMENT_TARGET = 18.2;
				LOCALIZATION_PREFERS_STRING_CATALOGS = YES;
				MTL_ENABLE_DEBUG_INFO = INCLUDE_SOURCE;
				MTL_FAST_MATH = YES;
				ONLY_ACTIVE_ARCH = YES;
				SDKROOT = iphoneos;
				SWIFT_ACTIVE_COMPILATION_CONDITIONS = "DEBUG $(inherited)";
				SWIFT_OPTIMIZATION_LEVEL = "-Onone";
			};
			name = Debug;
		};
		F28D6BDD2D51512400BC9FEF /* Release */ = {
			isa = XCBuildConfiguration;
			buildSettings = {
				ALWAYS_SEARCH_USER_PATHS = NO;
				ASSETCATALOG_COMPILER_GENERATE_SWIFT_ASSET_SYMBOL_EXTENSIONS = YES;
				CLANG_ANALYZER_NONNULL = YES;
				CLANG_ANALYZER_NUMBER_OBJECT_CONVERSION = YES_AGGRESSIVE;
				CLANG_CXX_LANGUAGE_STANDARD = "gnu++20";
				CLANG_ENABLE_MODULES = YES;
				CLANG_ENABLE_OBJC_ARC = YES;
				CLANG_ENABLE_OBJC_WEAK = YES;
				CLANG_WARN_BLOCK_CAPTURE_AUTORELEASING = YES;
				CLANG_WARN_BOOL_CONVERSION = YES;
				CLANG_WARN_COMMA = YES;
				CLANG_WARN_CONSTANT_CONVERSION = YES;
				CLANG_WARN_DEPRECATED_OBJC_IMPLEMENTATIONS = YES;
				CLANG_WARN_DIRECT_OBJC_ISA_USAGE = YES_ERROR;
				CLANG_WARN_DOCUMENTATION_COMMENTS = YES;
				CLANG_WARN_EMPTY_BODY = YES;
				CLANG_WARN_ENUM_CONVERSION = YES;
				CLANG_WARN_INFINITE_RECURSION = YES;
				CLANG_WARN_INT_CONVERSION = YES;
				CLANG_WARN_NON_LITERAL_NULL_CONVERSION = YES;
				CLANG_WARN_OBJC_IMPLICIT_RETAIN_SELF = YES;
				CLANG_WARN_OBJC_LITERAL_CONVERSION = YES;
				CLANG_WARN_OBJC_ROOT_CLASS = YES_ERROR;
				CLANG_WARN_QUOTED_INCLUDE_IN_FRAMEWORK_HEADER = YES;
				CLANG_WARN_RANGE_LOOP_ANALYSIS = YES;
				CLANG_WARN_STRICT_PROTOTYPES = YES;
				CLANG_WARN_SUSPICIOUS_MOVE = YES;
				CLANG_WARN_UNGUARDED_AVAILABILITY = YES_AGGRESSIVE;
				CLANG_WARN_UNREACHABLE_CODE = YES;
				CLANG_WARN__DUPLICATE_METHOD_MATCH = YES;
				COPY_PHASE_STRIP = NO;
				DEBUG_INFORMATION_FORMAT = "dwarf-with-dsym";
				ENABLE_NS_ASSERTIONS = NO;
				ENABLE_STRICT_OBJC_MSGSEND = YES;
				ENABLE_USER_SCRIPT_SANDBOXING = YES;
				GCC_C_LANGUAGE_STANDARD = gnu17;
				GCC_NO_COMMON_BLOCKS = YES;
				GCC_WARN_64_TO_32_BIT_CONVERSION = YES;
				GCC_WARN_ABOUT_RETURN_TYPE = YES_ERROR;
				GCC_WARN_UNDECLARED_SELECTOR = YES;
				GCC_WARN_UNINITIALIZED_AUTOS = YES_AGGRESSIVE;
				GCC_WARN_UNUSED_FUNCTION = YES;
				GCC_WARN_UNUSED_VARIABLE = YES;
				IPHONEOS_DEPLOYMENT_TARGET = 18.2;
				LOCALIZATION_PREFERS_STRING_CATALOGS = YES;
				MTL_ENABLE_DEBUG_INFO = NO;
				MTL_FAST_MATH = YES;
				SDKROOT = iphoneos;
				SWIFT_COMPILATION_MODE = wholemodule;
				VALIDATE_PRODUCT = YES;
			};
			name = Release;
		};
		F28D6BDF2D51512400BC9FEF /* Debug */ = {
			isa = XCBuildConfiguration;
			buildSettings = {
				ASSETCATALOG_COMPILER_APPICON_NAME = AppIcon;
				ASSETCATALOG_COMPILER_GLOBAL_ACCENT_COLOR_NAME = AccentColor;
				CODE_SIGN_STYLE = Automatic;
				CURRENT_PROJECT_VERSION = 1;
				DEVELOPMENT_ASSET_PATHS = "\"RecipeVault/Preview Content\"";
				DEVELOPMENT_TEAM = WP8XGN5DVH;
				ENABLE_PREVIEWS = YES;
				GENERATE_INFOPLIST_FILE = YES;
				INFOPLIST_KEY_UIApplicationSceneManifest_Generation = YES;
				INFOPLIST_KEY_UIApplicationSupportsIndirectInputEvents = YES;
				INFOPLIST_KEY_UILaunchScreen_Generation = YES;
				INFOPLIST_KEY_UISupportedInterfaceOrientations_iPad = "UIInterfaceOrientationPortrait UIInterfaceOrientationPortraitUpsideDown UIInterfaceOrientationLandscapeLeft UIInterfaceOrientationLandscapeRight";
				INFOPLIST_KEY_UISupportedInterfaceOrientations_iPhone = "UIInterfaceOrientationPortrait UIInterfaceOrientationLandscapeLeft UIInterfaceOrientationLandscapeRight";
				LD_RUNPATH_SEARCH_PATHS = (
					"$(inherited)",
					"@executable_path/Frameworks",
				);
				MARKETING_VERSION = 1.0;
				PRODUCT_BUNDLE_IDENTIFIER = com.RecipeVault;
				PRODUCT_NAME = "$(TARGET_NAME)";
				SWIFT_EMIT_LOC_STRINGS = YES;
				SWIFT_VERSION = 5.0;
				TARGETED_DEVICE_FAMILY = "1,2";
			};
			name = Debug;
		};
		F28D6BE02D51512400BC9FEF /* Release */ = {
			isa = XCBuildConfiguration;
			buildSettings = {
				ASSETCATALOG_COMPILER_APPICON_NAME = AppIcon;
				ASSETCATALOG_COMPILER_GLOBAL_ACCENT_COLOR_NAME = AccentColor;
				CODE_SIGN_STYLE = Automatic;
				CURRENT_PROJECT_VERSION = 1;
				DEVELOPMENT_ASSET_PATHS = "\"RecipeVault/Preview Content\"";
				DEVELOPMENT_TEAM = WP8XGN5DVH;
				ENABLE_PREVIEWS = YES;
				GENERATE_INFOPLIST_FILE = YES;
				INFOPLIST_KEY_UIApplicationSceneManifest_Generation = YES;
				INFOPLIST_KEY_UIApplicationSupportsIndirectInputEvents = YES;
				INFOPLIST_KEY_UILaunchScreen_Generation = YES;
				INFOPLIST_KEY_UISupportedInterfaceOrientations_iPad = "UIInterfaceOrientationPortrait UIInterfaceOrientationPortraitUpsideDown UIInterfaceOrientationLandscapeLeft UIInterfaceOrientationLandscapeRight";
				INFOPLIST_KEY_UISupportedInterfaceOrientations_iPhone = "UIInterfaceOrientationPortrait UIInterfaceOrientationLandscapeLeft UIInterfaceOrientationLandscapeRight";
				LD_RUNPATH_SEARCH_PATHS = (
					"$(inherited)",
					"@executable_path/Frameworks",
				);
				MARKETING_VERSION = 1.0;
				PRODUCT_BUNDLE_IDENTIFIER = com.RecipeVault;
				PRODUCT_NAME = "$(TARGET_NAME)";
				SWIFT_EMIT_LOC_STRINGS = YES;
				SWIFT_VERSION = 5.0;
				TARGETED_DEVICE_FAMILY = "1,2";
			};
			name = Release;
		};
		F28D6BE22D51512400BC9FEF /* Debug */ = {
			isa = XCBuildConfiguration;
			buildSettings = {
				BUNDLE_LOADER = "$(TEST_HOST)";
				CODE_SIGN_STYLE = Automatic;
				CURRENT_PROJECT_VERSION = 1;
				GENERATE_INFOPLIST_FILE = YES;
				IPHONEOS_DEPLOYMENT_TARGET = 18.2;
				MARKETING_VERSION = 1.0;
				PRODUCT_BUNDLE_IDENTIFIER = com.RecipeVaultTests;
				PRODUCT_NAME = "$(TARGET_NAME)";
				SWIFT_EMIT_LOC_STRINGS = NO;
				SWIFT_VERSION = 5.0;
				TARGETED_DEVICE_FAMILY = "1,2";
				TEST_HOST = "$(BUILT_PRODUCTS_DIR)/RecipeVault.app/$(BUNDLE_EXECUTABLE_FOLDER_PATH)/RecipeVault";
			};
			name = Debug;
		};
		F28D6BE32D51512400BC9FEF /* Release */ = {
			isa = XCBuildConfiguration;
			buildSettings = {
				BUNDLE_LOADER = "$(TEST_HOST)";
				CODE_SIGN_STYLE = Automatic;
				CURRENT_PROJECT_VERSION = 1;
				GENERATE_INFOPLIST_FILE = YES;
				IPHONEOS_DEPLOYMENT_TARGET = 18.2;
				MARKETING_VERSION = 1.0;
				PRODUCT_BUNDLE_IDENTIFIER = com.RecipeVaultTests;
				PRODUCT_NAME = "$(TARGET_NAME)";
				SWIFT_EMIT_LOC_STRINGS = NO;
				SWIFT_VERSION = 5.0;
				TARGETED_DEVICE_FAMILY = "1,2";
				TEST_HOST = "$(BUILT_PRODUCTS_DIR)/RecipeVault.app/$(BUNDLE_EXECUTABLE_FOLDER_PATH)/RecipeVault";
			};
			name = Release;
		};
		F28D6BE52D51512400BC9FEF /* Debug */ = {
			isa = XCBuildConfiguration;
			buildSettings = {
				CODE_SIGN_STYLE = Automatic;
				CURRENT_PROJECT_VERSION = 1;
				GENERATE_INFOPLIST_FILE = YES;
				MARKETING_VERSION = 1.0;
				PRODUCT_BUNDLE_IDENTIFIER = com.RecipeVaultUITests;
				PRODUCT_NAME = "$(TARGET_NAME)";
				SWIFT_EMIT_LOC_STRINGS = NO;
				SWIFT_VERSION = 5.0;
				TARGETED_DEVICE_FAMILY = "1,2";
				TEST_TARGET_NAME = RecipeVault;
			};
			name = Debug;
		};
		F28D6BE62D51512400BC9FEF /* Release */ = {
			isa = XCBuildConfiguration;
			buildSettings = {
				CODE_SIGN_STYLE = Automatic;
				CURRENT_PROJECT_VERSION = 1;
				GENERATE_INFOPLIST_FILE = YES;
				MARKETING_VERSION = 1.0;
				PRODUCT_BUNDLE_IDENTIFIER = com.RecipeVaultUITests;
				PRODUCT_NAME = "$(TARGET_NAME)";
				SWIFT_EMIT_LOC_STRINGS = NO;
				SWIFT_VERSION = 5.0;
				TARGETED_DEVICE_FAMILY = "1,2";
				TEST_TARGET_NAME = RecipeVault;
			};
			name = Release;
		};
/* End XCBuildConfiguration section */

/* Begin XCConfigurationList section */
		F28D6BB52D51512100BC9FEF /* Build configuration list for PBXProject "RecipeVault" */ = {
			isa = XCConfigurationList;
			buildConfigurations = (
				F28D6BDC2D51512400BC9FEF /* Debug */,
				F28D6BDD2D51512400BC9FEF /* Release */,
			);
			defaultConfigurationIsVisible = 0;
			defaultConfigurationName = Release;
		};
		F28D6BDE2D51512400BC9FEF /* Build configuration list for PBXNativeTarget "RecipeVault" */ = {
			isa = XCConfigurationList;
			buildConfigurations = (
				F28D6BDF2D51512400BC9FEF /* Debug */,
				F28D6BE02D51512400BC9FEF /* Release */,
			);
			defaultConfigurationIsVisible = 0;
			defaultConfigurationName = Release;
		};
		F28D6BE12D51512400BC9FEF /* Build configuration list for PBXNativeTarget "RecipeVaultTests" */ = {
			isa = XCConfigurationList;
			buildConfigurations = (
				F28D6BE22D51512400BC9FEF /* Debug */,
				F28D6BE32D51512400BC9FEF /* Release */,
			);
			defaultConfigurationIsVisible = 0;
			defaultConfigurationName = Release;
		};
		F28D6BE42D51512400BC9FEF /* Build configuration list for PBXNativeTarget "RecipeVaultUITests" */ = {
			isa = XCConfigurationList;
			buildConfigurations = (
				F28D6BE52D51512400BC9FEF /* Debug */,
				F28D6BE62D51512400BC9FEF /* Release */,
			);
			defaultConfigurationIsVisible = 0;
			defaultConfigurationName = Release;
		};
/* End XCConfigurationList section */
	};
	rootObject = F28D6BB22D51512100BC9FEF /* Project object */;
}
